
Microsoft Visual Studio Solution File, Format Version 12.00
# Visual Studio 2013
VisualStudioVersion = 12.0.31101.0
MinimumVisualStudioVersion = 10.0.40219.1
Project("{FAE04EC0-301F-11D3-BF4B-00C04F79EFBC}") = "cloudPRNT_TestServer", "cloudPRNT_TestServer\cloudPRNT_TestServer.csproj", "{BDB63F0F-F6F4-4E47-BF1D-194D39051F00}"
EndProject
Project("{FAE04EC0-301F-11D3-BF4B-00C04F79EFBC}") = "Test", "Test\Test.csproj", "{27CCCF2C-AF69-4302-816E-7223B03E4806}"
EndProject
Global
	GlobalSection(SolutionConfigurationPlatforms) = preSolution
		Debug|Any CPU = Debug|Any CPU
		Release|Any CPU = Release|Any CPU
	EndGlobalSection
	GlobalSection(ProjectConfigurationPlatforms) = postSolution
		{BDB63F0F-F6F4-4E47-BF1D-194D39051F00}.Debug|Any CPU.ActiveCfg = Debug|Any CPU
		{BDB63F0F-F6F4-4E47-BF1D-194D39051F00}.Debug|Any CPU.Build.0 = Debug|Any CPU
		{BDB63F0F-F6F4-4E47-BF1D-194D39051F00}.Release|Any CPU.ActiveCfg = Release|Any CPU
		{BDB63F0F-F6F4-4E47-BF1D-194D39051F00}.Release|Any CPU.Build.0 = Release|Any CPU
		{27CCCF2C-AF69-4302-816E-7223B03E4806}.Debug|Any CPU.ActiveCfg = Debug|Any CPU
		{27CCCF2C-AF69-4302-816E-7223B03E4806}.Debug|Any CPU.Build.0 = Debug|Any CPU
		{27CCCF2C-AF69-4302-816E-7223B03E4806}.Release|Any CPU.ActiveCfg = Release|Any CPU
		{27CCCF2C-AF69-4302-816E-7223B03E4806}.Release|Any CPU.Build.0 = Release|Any CPU
	EndGlobalSection
	GlobalSection(SolutionProperties) = preSolution
		HideSolutionNode = FALSE
	EndGlobalSection
EndGlobal
